
Microsoft Visual Studio Solution File, Format Version 12.00
# Visual Studio 2013
VisualStudioVersion = 12.0.30723.0
MinimumVisualStudioVersion = 10.0.40219.1
Project("{FAE04EC0-301F-11D3-BF4B-00C04F79EFBC}") = "BookStore.Models", "BookStore.Models\BookStore.Models.csproj", "{D92F61EB-BCFB-4376-B865-62BE58BEC6A0}"
EndProject
Project("{FAE04EC0-301F-11D3-BF4B-00C04F79EFBC}") = "BookStore.Data", "BookStore.Data\BookStore.Data.csproj", "{DDB459AF-27E4-45F8-A4A5-A408850744F6}"
EndProject
Project("{FAE04EC0-301F-11D3-BF4B-00C04F79EFBC}") = "BookStore.Importer", "BookStore.Importer\BookStore.Importer.csproj", "{75C00D6C-E8B5-43A2-B321-988EF5A14A75}"
EndProject
Global
	GlobalSection(SolutionConfigurationPlatforms) = preSolution
		Debug|Any CPU = Debug|Any CPU
		Release|Any CPU = Release|Any CPU
	EndGlobalSection
	GlobalSection(ProjectConfigurationPlatforms) = postSolution
		{D92F61EB-BCFB-4376-B865-62BE58BEC6A0}.Debug|Any CPU.ActiveCfg = Debug|Any CPU
		{D92F61EB-BCFB-4376-B865-62BE58BEC6A0}.Debug|Any CPU.Build.0 = Debug|Any CPU
		{D92F61EB-BCFB-4376-B865-62BE58BEC6A0}.Release|Any CPU.ActiveCfg = Release|Any CPU
		{D92F61EB-BCFB-4376-B865-62BE58BEC6A0}.Release|Any CPU.Build.0 = Release|Any CPU
		{DDB459AF-27E4-45F8-A4A5-A408850744F6}.Debug|Any CPU.ActiveCfg = Debug|Any CPU
		{DDB459AF-27E4-45F8-A4A5-A408850744F6}.Debug|Any CPU.Build.0 = Debug|Any CPU
		{DDB459AF-27E4-45F8-A4A5-A408850744F6}.Release|Any CPU.ActiveCfg = Release|Any CPU
		{DDB459AF-27E4-45F8-A4A5-A408850744F6}.Release|Any CPU.Build.0 = Release|Any CPU
		{75C00D6C-E8B5-43A2-B321-988EF5A14A75}.Debug|Any CPU.ActiveCfg = Debug|Any CPU
		{75C00D6C-E8B5-43A2-B321-988EF5A14A75}.Debug|Any CPU.Build.0 = Debug|Any CPU
		{75C00D6C-E8B5-43A2-B321-988EF5A14A75}.Release|Any CPU.ActiveCfg = Release|Any CPU
		{75C00D6C-E8B5-43A2-B321-988EF5A14A75}.Release|Any CPU.Build.0 = Release|Any CPU
	EndGlobalSection
	GlobalSection(SolutionProperties) = preSolution
		HideSolutionNode = FALSE
	EndGlobalSection
EndGlobal
