
Microsoft Visual Studio Solution File, Format Version 12.00
# Visual Studio 2013
VisualStudioVersion = 12.0.31101.0
MinimumVisualStudioVersion = 10.0.40219.1
Project("{FAE04EC0-301F-11D3-BF4B-00C04F79EFBC}") = "01. 3DCoordinates", "1. 3DCoordinates\01. 3DCoordinates.csproj", "{54A83DA2-C2D2-4DE4-90B8-1792EAA9E759}"
EndProject
Project("{FAE04EC0-301F-11D3-BF4B-00C04F79EFBC}") = "05. GenericList", "5. GenericList\05. GenericList.csproj", "{3BB5F194-E036-4227-9B98-EC31CD20F1AE}"
EndProject
Project("{FAE04EC0-301F-11D3-BF4B-00C04F79EFBC}") = "08. Matrix", "8. Matrix\08. Matrix.csproj", "{EDBD7CED-BF4B-4AB9-8737-1883D3EFCE56}"
EndProject
Project("{FAE04EC0-301F-11D3-BF4B-00C04F79EFBC}") = "11. VersionAttribute", "11. VersionAttribute\11. VersionAttribute.csproj", "{49361D1E-497F-4E4E-952D-25E998078D53}"
EndProject
Global
	GlobalSection(SolutionConfigurationPlatforms) = preSolution
		Debug|Any CPU = Debug|Any CPU
		Release|Any CPU = Release|Any CPU
	EndGlobalSection
	GlobalSection(ProjectConfigurationPlatforms) = postSolution
		{54A83DA2-C2D2-4DE4-90B8-1792EAA9E759}.Debug|Any CPU.ActiveCfg = Debug|Any CPU
		{54A83DA2-C2D2-4DE4-90B8-1792EAA9E759}.Debug|Any CPU.Build.0 = Debug|Any CPU
		{54A83DA2-C2D2-4DE4-90B8-1792EAA9E759}.Release|Any CPU.ActiveCfg = Release|Any CPU
		{54A83DA2-C2D2-4DE4-90B8-1792EAA9E759}.Release|Any CPU.Build.0 = Release|Any CPU
		{3BB5F194-E036-4227-9B98-EC31CD20F1AE}.Debug|Any CPU.ActiveCfg = Debug|Any CPU
		{3BB5F194-E036-4227-9B98-EC31CD20F1AE}.Debug|Any CPU.Build.0 = Debug|Any CPU
		{3BB5F194-E036-4227-9B98-EC31CD20F1AE}.Release|Any CPU.ActiveCfg = Release|Any CPU
		{3BB5F194-E036-4227-9B98-EC31CD20F1AE}.Release|Any CPU.Build.0 = Release|Any CPU
		{EDBD7CED-BF4B-4AB9-8737-1883D3EFCE56}.Debug|Any CPU.ActiveCfg = Debug|Any CPU
		{EDBD7CED-BF4B-4AB9-8737-1883D3EFCE56}.Debug|Any CPU.Build.0 = Debug|Any CPU
		{EDBD7CED-BF4B-4AB9-8737-1883D3EFCE56}.Release|Any CPU.ActiveCfg = Release|Any CPU
		{EDBD7CED-BF4B-4AB9-8737-1883D3EFCE56}.Release|Any CPU.Build.0 = Release|Any CPU
		{49361D1E-497F-4E4E-952D-25E998078D53}.Debug|Any CPU.ActiveCfg = Debug|Any CPU
		{49361D1E-497F-4E4E-952D-25E998078D53}.Debug|Any CPU.Build.0 = Debug|Any CPU
		{49361D1E-497F-4E4E-952D-25E998078D53}.Release|Any CPU.ActiveCfg = Release|Any CPU
		{49361D1E-497F-4E4E-952D-25E998078D53}.Release|Any CPU.Build.0 = Release|Any CPU
	EndGlobalSection
	GlobalSection(SolutionProperties) = preSolution
		HideSolutionNode = FALSE
	EndGlobalSection
EndGlobal
