
Microsoft Visual Studio Solution File, Format Version 12.00
# Visual Studio 2013
VisualStudioVersion = 12.0.21005.1
MinimumVisualStudioVersion = 10.0.40219.1
Project("{FAE04EC0-301F-11D3-BF4B-00C04F79EFBC}") = "Problem-1", "WebApplication1\Problem-1.csproj", "{F979A0B3-EA28-4E36-87CD-47A2D8436C66}"
EndProject
Project("{FAE04EC0-301F-11D3-BF4B-00C04F79EFBC}") = "Problem-2", "Problem-2\Problem-2.csproj", "{1CA51DE9-5D5C-425C-8D42-29F00DEB7D74}"
EndProject
Project("{FAE04EC0-301F-11D3-BF4B-00C04F79EFBC}") = "Problem-3", "Problem-3\Problem-3.csproj", "{52435F2C-C50E-4DA5-8BB1-04FF90CA806E}"
EndProject
Global
	GlobalSection(SolutionConfigurationPlatforms) = preSolution
		Debug|Any CPU = Debug|Any CPU
		Release|Any CPU = Release|Any CPU
	EndGlobalSection
	GlobalSection(ProjectConfigurationPlatforms) = postSolution
		{F979A0B3-EA28-4E36-87CD-47A2D8436C66}.Debug|Any CPU.ActiveCfg = Debug|Any CPU
		{F979A0B3-EA28-4E36-87CD-47A2D8436C66}.Debug|Any CPU.Build.0 = Debug|Any CPU
		{F979A0B3-EA28-4E36-87CD-47A2D8436C66}.Release|Any CPU.ActiveCfg = Release|Any CPU
		{F979A0B3-EA28-4E36-87CD-47A2D8436C66}.Release|Any CPU.Build.0 = Release|Any CPU
		{1CA51DE9-5D5C-425C-8D42-29F00DEB7D74}.Debug|Any CPU.ActiveCfg = Debug|Any CPU
		{1CA51DE9-5D5C-425C-8D42-29F00DEB7D74}.Debug|Any CPU.Build.0 = Debug|Any CPU
		{1CA51DE9-5D5C-425C-8D42-29F00DEB7D74}.Release|Any CPU.ActiveCfg = Release|Any CPU
		{1CA51DE9-5D5C-425C-8D42-29F00DEB7D74}.Release|Any CPU.Build.0 = Release|Any CPU
		{52435F2C-C50E-4DA5-8BB1-04FF90CA806E}.Debug|Any CPU.ActiveCfg = Debug|Any CPU
		{52435F2C-C50E-4DA5-8BB1-04FF90CA806E}.Debug|Any CPU.Build.0 = Debug|Any CPU
		{52435F2C-C50E-4DA5-8BB1-04FF90CA806E}.Release|Any CPU.ActiveCfg = Release|Any CPU
		{52435F2C-C50E-4DA5-8BB1-04FF90CA806E}.Release|Any CPU.Build.0 = Release|Any CPU
	EndGlobalSection
	GlobalSection(SolutionProperties) = preSolution
		HideSolutionNode = FALSE
	EndGlobalSection
EndGlobal
