
Microsoft Visual Studio Solution File, Format Version 12.00
# Visual Studio 2013
VisualStudioVersion = 12.0.21005.1
MinimumVisualStudioVersion = 10.0.40219.1
Project("{FAE04EC0-301F-11D3-BF4B-00C04F79EFBC}") = "problem 1", "homework 3\problem 1.csproj", "{38212782-62EF-4CE9-A5CB-061117BE5603}"
EndProject
Project("{FAE04EC0-301F-11D3-BF4B-00C04F79EFBC}") = "problem2", "problem2\problem2.csproj", "{EC040376-F2B6-4FDB-B7C1-2CBDBF194ABB}"
EndProject
Project("{FAE04EC0-301F-11D3-BF4B-00C04F79EFBC}") = "problem3", "problem3\problem3.csproj", "{82C9C642-28E1-45B9-8428-5D6B474A4ADB}"
EndProject
Global
	GlobalSection(SolutionConfigurationPlatforms) = preSolution
		Debug|Any CPU = Debug|Any CPU
		Release|Any CPU = Release|Any CPU
	EndGlobalSection
	GlobalSection(ProjectConfigurationPlatforms) = postSolution
		{38212782-62EF-4CE9-A5CB-061117BE5603}.Debug|Any CPU.ActiveCfg = Debug|Any CPU
		{38212782-62EF-4CE9-A5CB-061117BE5603}.Debug|Any CPU.Build.0 = Debug|Any CPU
		{38212782-62EF-4CE9-A5CB-061117BE5603}.Release|Any CPU.ActiveCfg = Release|Any CPU
		{38212782-62EF-4CE9-A5CB-061117BE5603}.Release|Any CPU.Build.0 = Release|Any CPU
		{EC040376-F2B6-4FDB-B7C1-2CBDBF194ABB}.Debug|Any CPU.ActiveCfg = Debug|Any CPU
		{EC040376-F2B6-4FDB-B7C1-2CBDBF194ABB}.Debug|Any CPU.Build.0 = Debug|Any CPU
		{EC040376-F2B6-4FDB-B7C1-2CBDBF194ABB}.Release|Any CPU.ActiveCfg = Release|Any CPU
		{EC040376-F2B6-4FDB-B7C1-2CBDBF194ABB}.Release|Any CPU.Build.0 = Release|Any CPU
		{82C9C642-28E1-45B9-8428-5D6B474A4ADB}.Debug|Any CPU.ActiveCfg = Debug|Any CPU
		{82C9C642-28E1-45B9-8428-5D6B474A4ADB}.Debug|Any CPU.Build.0 = Debug|Any CPU
		{82C9C642-28E1-45B9-8428-5D6B474A4ADB}.Release|Any CPU.ActiveCfg = Release|Any CPU
		{82C9C642-28E1-45B9-8428-5D6B474A4ADB}.Release|Any CPU.Build.0 = Release|Any CPU
	EndGlobalSection
	GlobalSection(SolutionProperties) = preSolution
		HideSolutionNode = FALSE
	EndGlobalSection
EndGlobal
