
Microsoft Visual Studio Solution File, Format Version 12.00
# Visual Studio 2013
VisualStudioVersion = 12.0.21005.1
MinimumVisualStudioVersion = 10.0.40219.1
Project("{FAE04EC0-301F-11D3-BF4B-00C04F79EFBC}") = "problem 1", "problem 1\problem 1.csproj", "{5F41F3D6-D85C-4335-B6AB-943E5AE77BB9}"
EndProject
Project("{FAE04EC0-301F-11D3-BF4B-00C04F79EFBC}") = "Problem3", "Problem3\Problem3.csproj", "{4DFDB235-78C5-446A-8F20-5691C735B3FF}"
EndProject
Project("{FAE04EC0-301F-11D3-BF4B-00C04F79EFBC}") = "Problem4", "Problem 4\Problem4.csproj", "{F531A909-9DEA-4ECF-AD4C-C7B732BDD35F}"
EndProject
Global
	GlobalSection(SolutionConfigurationPlatforms) = preSolution
		Debug|Any CPU = Debug|Any CPU
		Release|Any CPU = Release|Any CPU
	EndGlobalSection
	GlobalSection(ProjectConfigurationPlatforms) = postSolution
		{5F41F3D6-D85C-4335-B6AB-943E5AE77BB9}.Debug|Any CPU.ActiveCfg = Debug|Any CPU
		{5F41F3D6-D85C-4335-B6AB-943E5AE77BB9}.Debug|Any CPU.Build.0 = Debug|Any CPU
		{5F41F3D6-D85C-4335-B6AB-943E5AE77BB9}.Release|Any CPU.ActiveCfg = Release|Any CPU
		{5F41F3D6-D85C-4335-B6AB-943E5AE77BB9}.Release|Any CPU.Build.0 = Release|Any CPU
		{4DFDB235-78C5-446A-8F20-5691C735B3FF}.Debug|Any CPU.ActiveCfg = Debug|Any CPU
		{4DFDB235-78C5-446A-8F20-5691C735B3FF}.Debug|Any CPU.Build.0 = Debug|Any CPU
		{4DFDB235-78C5-446A-8F20-5691C735B3FF}.Release|Any CPU.ActiveCfg = Release|Any CPU
		{4DFDB235-78C5-446A-8F20-5691C735B3FF}.Release|Any CPU.Build.0 = Release|Any CPU
		{F531A909-9DEA-4ECF-AD4C-C7B732BDD35F}.Debug|Any CPU.ActiveCfg = Debug|Any CPU
		{F531A909-9DEA-4ECF-AD4C-C7B732BDD35F}.Debug|Any CPU.Build.0 = Debug|Any CPU
		{F531A909-9DEA-4ECF-AD4C-C7B732BDD35F}.Release|Any CPU.ActiveCfg = Release|Any CPU
		{F531A909-9DEA-4ECF-AD4C-C7B732BDD35F}.Release|Any CPU.Build.0 = Release|Any CPU
	EndGlobalSection
	GlobalSection(SolutionProperties) = preSolution
		HideSolutionNode = FALSE
	EndGlobalSection
EndGlobal
